# This file is automatically @generated by Cargo.
# It is not intended for manual editing.
version = 3

[[package]]
name = "express"
version = "0.1.0"
dependencies = [
 "thread_pool",
]

[[package]]
name = "express_clone"
version = "0.1.0"
dependencies = [
 "express",
]

[[package]]
name = "thread_pool"
version = "0.1.0"
